Microsoft Visual Studio Solution File, Format Version 8.00
Project("{8BC9CEB8-8B4A-11D0-8D11-00A0C91BC942}") = "textureconv", "textureconv.vcproj", "{FFB317CC-4B72-4CA5-9CB8-86A8A0E8382E}"
	ProjectSection(ProjectDependencies) = postProject
		{76BBC723-9716-451F-92D9-A7B65F3BA85F} = {76BBC723-9716-451F-92D9-A7B65F3BA85F}
		{984C31F1-11EB-4D44-ACF4-B3F573E1F08E} = {984C31F1-11EB-4D44-ACF4-B3F573E1F08E}
	EndProjectSection
EndProject
Project("{8BC9CEB8-8B4A-11D0-8D11-00A0C91BC942}") = "IL", "..\..\..\libraries\devil\src\src-IL\msvc\il.vcproj", "{76BBC723-9716-451F-92D9-A7B65F3BA85F}"
	ProjectSection(ProjectDependencies) = postProject
	EndProjectSection
EndProject
Project("{8BC9CEB8-8B4A-11D0-8D11-00A0C91BC942}") = "ILU", "..\..\..\libraries\devil\src\src-ILU\msvc\ILU.vcproj", "{984C31F1-11EB-4D44-ACF4-B3F573E1F08E}"
	ProjectSection(ProjectDependencies) = postProject
	EndProjectSection
EndProject
Global
	GlobalSection(SolutionConfiguration) = preSolution
		Debug = Debug
		Release = Release
	EndGlobalSection
	GlobalSection(ProjectConfiguration) = postSolution
		{FFB317CC-4B72-4CA5-9CB8-86A8A0E8382E}.Debug.ActiveCfg = Debug|Win32
		{FFB317CC-4B72-4CA5-9CB8-86A8A0E8382E}.Debug.Build.0 = Debug|Win32
		{FFB317CC-4B72-4CA5-9CB8-86A8A0E8382E}.Release.ActiveCfg = Release|Win32
		{FFB317CC-4B72-4CA5-9CB8-86A8A0E8382E}.Release.Build.0 = Release|Win32
		{76BBC723-9716-451F-92D9-A7B65F3BA85F}.Debug.ActiveCfg = Debug|Win32
		{76BBC723-9716-451F-92D9-A7B65F3BA85F}.Debug.Build.0 = Debug|Win32
		{76BBC723-9716-451F-92D9-A7B65F3BA85F}.Release.ActiveCfg = Release|Win32
		{76BBC723-9716-451F-92D9-A7B65F3BA85F}.Release.Build.0 = Release|Win32
		{984C31F1-11EB-4D44-ACF4-B3F573E1F08E}.Debug.ActiveCfg = Debug|Win32
		{984C31F1-11EB-4D44-ACF4-B3F573E1F08E}.Debug.Build.0 = Debug|Win32
		{984C31F1-11EB-4D44-ACF4-B3F573E1F08E}.Release.ActiveCfg = Release|Win32
		{984C31F1-11EB-4D44-ACF4-B3F573E1F08E}.Release.Build.0 = Release|Win32
	EndGlobalSection
	GlobalSection(ExtensibilityGlobals) = postSolution
	EndGlobalSection
	GlobalSection(ExtensibilityAddIns) = postSolution
	EndGlobalSection
EndGlobal
