Microsoft Visual Studio Solution File, Format Version 8.00
Project("{8BC9CEB8-8B4A-11D0-8D11-00A0C91BC942}") = "AtlasUI", "AtlasUI\AtlasUI.vcproj", "{E99BA969-D540-4F23-822E-37C499E8F704}"
	ProjectSection(ProjectDependencies) = postProject
		{228B468D-3C2E-45BF-9833-C626E1A35B04} = {228B468D-3C2E-45BF-9833-C626E1A35B04}
	EndProjectSection
EndProject
Project("{8BC9CEB8-8B4A-11D0-8D11-00A0C91BC942}") = "AtlasObject", "AtlasObject\AtlasObject.vcproj", "{228B468D-3C2E-45BF-9833-C626E1A35B04}"
	ProjectSection(ProjectDependencies) = postProject
	EndProjectSection
EndProject
Global
	GlobalSection(SolutionConfiguration) = preSolution
		Debug = Debug
		Release = Release
	EndGlobalSection
	GlobalSection(ProjectConfiguration) = postSolution
		{E99BA969-D540-4F23-822E-37C499E8F704}.Debug.ActiveCfg = Debug|Win32
		{E99BA969-D540-4F23-822E-37C499E8F704}.Debug.Build.0 = Debug|Win32
		{E99BA969-D540-4F23-822E-37C499E8F704}.Release.ActiveCfg = Release|Win32
		{E99BA969-D540-4F23-822E-37C499E8F704}.Release.Build.0 = Release|Win32
		{228B468D-3C2E-45BF-9833-C626E1A35B04}.Debug.ActiveCfg = Debug|Win32
		{228B468D-3C2E-45BF-9833-C626E1A35B04}.Debug.Build.0 = Debug|Win32
		{228B468D-3C2E-45BF-9833-C626E1A35B04}.Release.ActiveCfg = Release|Win32
		{228B468D-3C2E-45BF-9833-C626E1A35B04}.Release.Build.0 = Release|Win32
	EndGlobalSection
	GlobalSection(ExtensibilityGlobals) = postSolution
	EndGlobalSection
	GlobalSection(ExtensibilityAddIns) = postSolution
	EndGlobalSection
EndGlobal
