Microsoft Visual Studio Solution File, Format Version 8.00
Project("{8BC9CEB8-8B4A-11D0-8D11-00A0C91BC942}") = "PMDExp6", "PMDExp6.vcproj", "{DC12B42A-5BD3-4767-9947-059DF94BA502}"
	ProjectSection(ProjectDependencies) = postProject
	EndProjectSection
EndProject
Global
	GlobalSection(SolutionConfiguration) = preSolution
		Debug = Debug
		Release = Release
		Testing = Testing
	EndGlobalSection
	GlobalSection(ProjectConfiguration) = postSolution
		{DC12B42A-5BD3-4767-9947-059DF94BA502}.Debug.ActiveCfg = Debug|Win32
		{DC12B42A-5BD3-4767-9947-059DF94BA502}.Debug.Build.0 = Debug|Win32
		{DC12B42A-5BD3-4767-9947-059DF94BA502}.Release.ActiveCfg = Release|Win32
		{DC12B42A-5BD3-4767-9947-059DF94BA502}.Release.Build.0 = Release|Win32
		{DC12B42A-5BD3-4767-9947-059DF94BA502}.Testing.ActiveCfg = Release|Win32
		{DC12B42A-5BD3-4767-9947-059DF94BA502}.Testing.Build.0 = Release|Win32
	EndGlobalSection
	GlobalSection(ExtensibilityGlobals) = postSolution
	EndGlobalSection
	GlobalSection(ExtensibilityAddIns) = postSolution
	EndGlobalSection
EndGlobal
