Microsoft Visual Studio Solution File, Format Version 8.00
Project("{EAF909A5-FA59-4C3D-9431-0FCC20D5BCF9}") = "tests", "tests.icproj", "{9B3CF673-0EF8-4385-8AFE-456CD309D91A}"
	ProjectSection(ProjectDependencies) = postProject
	EndProjectSection
EndProject
Global
	GlobalSection(SolutionConfiguration) = preSolution
		Coverage = Coverage
		Debug = Debug
		Release = Release
	EndGlobalSection
	GlobalSection(ProjectConfiguration) = postSolution
		{9B3CF673-0EF8-4385-8AFE-456CD309D91A}.Coverage.ActiveCfg = Coverage|Win32
		{9B3CF673-0EF8-4385-8AFE-456CD309D91A}.Coverage.Build.0 = Coverage|Win32
		{9B3CF673-0EF8-4385-8AFE-456CD309D91A}.Debug.ActiveCfg = Debug|Win32
		{9B3CF673-0EF8-4385-8AFE-456CD309D91A}.Debug.Build.0 = Debug|Win32
		{9B3CF673-0EF8-4385-8AFE-456CD309D91A}.Release.ActiveCfg = Release|Win32
		{9B3CF673-0EF8-4385-8AFE-456CD309D91A}.Release.Build.0 = Release|Win32
		{1D6A376C-DA9E-4E03-83A7-16784F356633}.Coverage.ActiveCfg = Coverage|Win32
		{1D6A376C-DA9E-4E03-83A7-16784F356633}.Debug.ActiveCfg = Debug|Win32
		{1D6A376C-DA9E-4E03-83A7-16784F356633}.Debug.Build.0 = Debug|Win32
		{1D6A376C-DA9E-4E03-83A7-16784F356633}.Release.ActiveCfg = Release|Win32
		{1D6A376C-DA9E-4E03-83A7-16784F356633}.Release.Build.0 = Release|Win32
	EndGlobalSection
	GlobalSection(ExtensibilityGlobals) = postSolution
	EndGlobalSection
	GlobalSection(ExtensibilityAddIns) = postSolution
	EndGlobalSection
EndGlobal
