Microsoft Visual Studio Solution File, Format Version 9.00
# Visual Studio 2005
Project("{FAE04EC0-301F-11D3-BF4B-00C04F79EFBC}") = "RunFColladaTests", "RunFColladaTests.csproj", "{6F1DAB3D-3089-46F3-A872-5CA21421F8C4}"
EndProject
Global
	GlobalSection(SolutionConfigurationPlatforms) = preSolution
		Debug|Any CPU = Debug|Any CPU
		Release|Any CPU = Release|Any CPU
	EndGlobalSection
	GlobalSection(ProjectConfigurationPlatforms) = postSolution
		{6F1DAB3D-3089-46F3-A872-5CA21421F8C4}.Debug|Any CPU.ActiveCfg = Debug|Any CPU
		{6F1DAB3D-3089-46F3-A872-5CA21421F8C4}.Debug|Any CPU.Build.0 = Debug|Any CPU
		{6F1DAB3D-3089-46F3-A872-5CA21421F8C4}.Release|Any CPU.ActiveCfg = Release|Any CPU
		{6F1DAB3D-3089-46F3-A872-5CA21421F8C4}.Release|Any CPU.Build.0 = Release|Any CPU
	EndGlobalSection
	GlobalSection(SolutionProperties) = preSolution
		HideSolutionNode = FALSE
	EndGlobalSection
EndGlobal
