Microsoft Visual Studio Solution File, Format Version 8.00
Project("{8BC9CEB8-8B4A-11D0-8D11-00A0C91BC942}") = "ILUT", "src-ILUT\msvc\ILUT.vcproj", "{84BB2B17-2200-4BF8-B2B1-E6A3D24F0EE0}"
	ProjectSection(ProjectDependencies) = postProject
	EndProjectSection
EndProject
Project("{8BC9CEB8-8B4A-11D0-8D11-00A0C91BC942}") = "IL", "src-IL\msvc\IL.vcproj", "{76BBC723-9716-451F-92D9-A7B65F3BA85F}"
	ProjectSection(ProjectDependencies) = postProject
	EndProjectSection
EndProject
Project("{8BC9CEB8-8B4A-11D0-8D11-00A0C91BC942}") = "ILU", "src-ILU\msvc\ILU.vcproj", "{984C31F1-11EB-4D44-ACF4-B3F573E1F08E}"
	ProjectSection(ProjectDependencies) = postProject
	EndProjectSection
EndProject
Global
	GlobalSection(SolutionConfiguration) = preSolution
		Debug = Debug
		Dynamic = Dynamic
		Release = Release
	EndGlobalSection
	GlobalSection(ProjectConfiguration) = postSolution
		{84BB2B17-2200-4BF8-B2B1-E6A3D24F0EE0}.Debug.ActiveCfg = Debug|Win32
		{84BB2B17-2200-4BF8-B2B1-E6A3D24F0EE0}.Debug.Build.0 = Debug|Win32
		{84BB2B17-2200-4BF8-B2B1-E6A3D24F0EE0}.Dynamic.ActiveCfg = Dynamic|Win32
		{84BB2B17-2200-4BF8-B2B1-E6A3D24F0EE0}.Dynamic.Build.0 = Dynamic|Win32
		{84BB2B17-2200-4BF8-B2B1-E6A3D24F0EE0}.Release.ActiveCfg = Release|Win32
		{84BB2B17-2200-4BF8-B2B1-E6A3D24F0EE0}.Release.Build.0 = Release|Win32
		{76BBC723-9716-451F-92D9-A7B65F3BA85F}.Debug.ActiveCfg = Debug|Win32
		{76BBC723-9716-451F-92D9-A7B65F3BA85F}.Debug.Build.0 = Debug|Win32
		{76BBC723-9716-451F-92D9-A7B65F3BA85F}.Dynamic.ActiveCfg = Debug|Win32
		{76BBC723-9716-451F-92D9-A7B65F3BA85F}.Dynamic.Build.0 = Debug|Win32
		{76BBC723-9716-451F-92D9-A7B65F3BA85F}.Release.ActiveCfg = Release|Win32
		{76BBC723-9716-451F-92D9-A7B65F3BA85F}.Release.Build.0 = Release|Win32
		{984C31F1-11EB-4D44-ACF4-B3F573E1F08E}.Debug.ActiveCfg = Debug|Win32
		{984C31F1-11EB-4D44-ACF4-B3F573E1F08E}.Debug.Build.0 = Debug|Win32
		{984C31F1-11EB-4D44-ACF4-B3F573E1F08E}.Dynamic.ActiveCfg = Debug|Win32
		{984C31F1-11EB-4D44-ACF4-B3F573E1F08E}.Dynamic.Build.0 = Debug|Win32
		{984C31F1-11EB-4D44-ACF4-B3F573E1F08E}.Release.ActiveCfg = Release|Win32
		{984C31F1-11EB-4D44-ACF4-B3F573E1F08E}.Release.Build.0 = Release|Win32
	EndGlobalSection
	GlobalSection(ExtensibilityGlobals) = postSolution
	EndGlobalSection
	GlobalSection(ExtensibilityAddIns) = postSolution
	EndGlobalSection
EndGlobal
