Microsoft Visual Studio Solution File, Format Version 9.00
# Visual Studio 2005
Project("{8BC9CEB8-8B4A-11D0-8D11-00A0C91BC942}") = "rmgen", "rmgen.vcproj", "{ED804376-98E9-4732-A1E9-717D5C6773FA}"
EndProject
Global
	GlobalSection(SolutionConfigurationPlatforms) = preSolution
		Debug|Win32 = Debug|Win32
		Release|Win32 = Release|Win32
	EndGlobalSection
	GlobalSection(ProjectConfigurationPlatforms) = postSolution
		{ED804376-98E9-4732-A1E9-717D5C6773FA}.Debug|Win32.ActiveCfg = Debug|Win32
		{ED804376-98E9-4732-A1E9-717D5C6773FA}.Debug|Win32.Build.0 = Debug|Win32
		{ED804376-98E9-4732-A1E9-717D5C6773FA}.Release|Win32.ActiveCfg = Release|Win32
		{ED804376-98E9-4732-A1E9-717D5C6773FA}.Release|Win32.Build.0 = Release|Win32
	EndGlobalSection
	GlobalSection(SolutionProperties) = preSolution
		HideSolutionNode = FALSE
	EndGlobalSection
EndGlobal
